// !$*UTF8*$!
{
	archiveVersion = 1;
	classes = {
	};
	objectVersion = 46;
	objects = {

/* Begin PBXBuildFile section */
		684AFD821E8BF4E200584405 /* AppDelegate.swift in Sources */ = {isa = PBXBuildFile; fileRef = 684AFD811E8BF4E200584405 /* AppDelegate.swift */; };
		684AFD841E8BF4E200584405 /* ViewController.swift in Sources */ = {isa = PBXBuildFile; fileRef = 684AFD831E8BF4E200584405 /* ViewController.swift */; };
		684AFD871E8BF4E200584405 /* Main.storyboard in Resources */ = {isa = PBXBuildFile; fileRef = 684AFD851E8BF4E200584405 /* Main.storyboard */; };
		684AFD891E8BF4E200584405 /* Assets.xcassets in Resources */ = {isa = PBXBuildFile; fileRef = 684AFD881E8BF4E200584405 /* Assets.xcassets */; };
		684AFD8C1E8BF4E200584405 /* LaunchScreen.storyboard in Resources */ = {isa = PBXBuildFile; fileRef = 684AFD8A1E8BF4E200584405 /* LaunchScreen.storyboard */; };
		687D8CE61E8CB4D900912DBE /* MemoryViewController.swift in Sources */ = {isa = PBXBuildFile; fileRef = 687D8CE51E8CB4D900912DBE /* MemoryViewController.swift */; };
		687D8CE81E8CB5AD00912DBE /* MemoryCell.swift in Sources */ = {isa = PBXBuildFile; fileRef = 687D8CE71E8CB5AD00912DBE /* MemoryCell.swift */; };
/* End PBXBuildFile section */

/* Begin PBXFileReference section */
		684AFD7E1E8BF4E200584405 /* PicMemo.app */ = {isa = PBXFileReference; explicitFileType = wrapper.application; includeInIndex = 0; path = PicMemo.app; sourceTree = BUILT_PRODUCTS_DIR; };
		684AFD811E8BF4E200584405 /* AppDelegate.swift */ = {isa = PBXFileReference; lastKnownFileType = sourcecode.swift; path = AppDelegate.swift; sourceTree = "<group>"; };
		684AFD831E8BF4E200584405 /* ViewController.swift */ = {isa = PBXFileReference; lastKnownFileType = sourcecode.swift; path = ViewController.swift; sourceTree = "<group>"; };
		684AFD861E8BF4E200584405 /* Base */ = {isa = PBXFileReference; lastKnownFileType = file.storyboard; name = Base; path = Base.lproj/Main.storyboard; sourceTree = "<group>"; };
		684AFD881E8BF4E200584405 /* Assets.xcassets */ = {isa = PBXFileReference; lastKnownFileType = folder.assetcatalog; path = Assets.xcassets; sourceTree = "<group>"; };
		684AFD8B1E8BF4E200584405 /* Base */ = {isa = PBXFileReference; lastKnownFileType = file.storyboard; name = Base; path = Base.lproj/LaunchScreen.storyboard; sourceTree = "<group>"; };
		684AFD8D1E8BF4E200584405 /* Info.plist */ = {isa = PBXFileReference; lastKnownFileType = text.plist.xml; path = Info.plist; sourceTree = "<group>"; };
		687D8CE51E8CB4D900912DBE /* MemoryViewController.swift */ = {isa = PBXFileReference; fileEncoding = 4; lastKnownFileType = sourcecode.swift; path = MemoryViewController.swift; sourceTree = "<group>"; };
		687D8CE71E8CB5AD00912DBE /* MemoryCell.swift */ = {isa = PBXFileReference; fileEncoding = 4; lastKnownFileType = sourcecode.swift; path = MemoryCell.swift; sourceTree = "<group>"; };
/* End PBXFileReference section */

/* Begin PBXFrameworksBuildPhase section */
		684AFD7B1E8BF4E200584405 /* Frameworks */ = {
			isa = PBXFrameworksBuildPhase;
			buildActionMask = 2147483647;
			files = (
			);
			runOnlyForDeploymentPostprocessing = 0;
		};
/* End PBXFrameworksBuildPhase section */

/* Begin PBXGroup section */
		684AFD751E8BF4E200584405 = {
			isa = PBXGroup;
			children = (
				684AFD801E8BF4E200584405 /* PicMemo */,
				684AFD7F1E8BF4E200584405 /* Products */,
			);
			sourceTree = "<group>";
		};
		684AFD7F1E8BF4E200584405 /* Products */ = {
			isa = PBXGroup;
			children = (
				684AFD7E1E8BF4E200584405 /* PicMemo.app */,
			);
			name = Products;
			sourceTree = "<group>";
		};
		684AFD801E8BF4E200584405 /* PicMemo */ = {
			isa = PBXGroup;
			children = (
				684AFD811E8BF4E200584405 /* AppDelegate.swift */,
				684AFD831E8BF4E200584405 /* ViewController.swift */,
				684AFD851E8BF4E200584405 /* Main.storyboard */,
				687D8CE71E8CB5AD00912DBE /* MemoryCell.swift */,
				687D8CE51E8CB4D900912DBE /* MemoryViewController.swift */,
				684AFD881E8BF4E200584405 /* Assets.xcassets */,
				684AFD8A1E8BF4E200584405 /* LaunchScreen.storyboard */,
				684AFD8D1E8BF4E200584405 /* Info.plist */,
			);
			path = PicMemo;
			sourceTree = "<group>";
		};
/* End PBXGroup section */

/* Begin PBXNativeTarget section */
		684AFD7D1E8BF4E200584405 /* PicMemo */ = {
			isa = PBXNativeTarget;
			buildConfigurationList = 684AFD901E8BF4E200584405 /* Build configuration list for PBXNativeTarget "PicMemo" */;
			buildPhases = (
				684AFD7A1E8BF4E200584405 /* Sources */,
				684AFD7B1E8BF4E200584405 /* Frameworks */,
				684AFD7C1E8BF4E200584405 /* Resources */,
			);
			buildRules = (
			);
			dependencies = (
			);
			name = PicMemo;
			productName = PicMemo;
			productReference = 684AFD7E1E8BF4E200584405 /* PicMemo.app */;
			productType = "com.apple.product-type.application";
		};
/* End PBXNativeTarget section */

/* Begin PBXProject section */
		684AFD761E8BF4E200584405 /* Project object */ = {
			isa = PBXProject;
			attributes = {
				LastSwiftUpdateCheck = 0800;
				LastUpgradeCheck = 0800;
				ORGANIZATIONNAME = "Maduranga ";
				TargetAttributes = {
					684AFD7D1E8BF4E200584405 = {
						CreatedOnToolsVersion = 8.0;
						DevelopmentTeam = 7E8HQVBY97;
						ProvisioningStyle = Automatic;
					};
				};
			};
			buildConfigurationList = 684AFD791E8BF4E200584405 /* Build configuration list for PBXProject "PicMemo" */;
			compatibilityVersion = "Xcode 3.2";
			developmentRegion = English;
			hasScannedForEncodings = 0;
			knownRegions = (
				en,
				Base,
			);
			mainGroup = 684AFD751E8BF4E200584405;
			productRefGroup = 684AFD7F1E8BF4E200584405 /* Products */;
			projectDirPath = "";
			projectRoot = "";
			targets = (
				684AFD7D1E8BF4E200584405 /* PicMemo */,
			);
		};
/* End PBXProject section */

/* Begin PBXResourcesBuildPhase section */
		684AFD7C1E8BF4E200584405 /* Resources */ = {
			isa = PBXResourcesBuildPhase;
			buildActionMask = 2147483647;
			files = (
				684AFD8C1E8BF4E200584405 /* LaunchScreen.storyboard in Resources */,
				684AFD891E8BF4E200584405 /* Assets.xcassets in Resources */,
				684AFD871E8BF4E200584405 /* Main.storyboard in Resources */,
			);
			runOnlyForDeploymentPostprocessing = 0;
		};
/* End PBXResourcesBuildPhase section */

/* Begin PBXSourcesBuildPhase section */
		684AFD7A1E8BF4E200584405 /* Sources */ = {
			isa = PBXSourcesBuildPhase;
			buildActionMask = 2147483647;
			files = (
				687D8CE81E8CB5AD00912DBE /* MemoryCell.swift in Sources */,
				687D8CE61E8CB4D900912DBE /* MemoryViewController.swift in Sources */,
				684AFD841E8BF4E200584405 /* ViewController.swift in Sources */,
				684AFD821E8BF4E200584405 /* AppDelegate.swift in Sources */,
			);
			runOnlyForDeploymentPostprocessing = 0;
		};
/* End PBXSourcesBuildPhase section */

/* Begin PBXVariantGroup section */
		684AFD851E8BF4E200584405 /* Main.storyboard */ = {
			isa = PBXVariantGroup;
			children = (
				684AFD861E8BF4E200584405 /* Base */,
			);
			name = Main.storyboard;
			sourceTree = "<group>";
		};
		684AFD8A1E8BF4E200584405 /* LaunchScreen.storyboard */ = {
			isa = PBXVariantGroup;
			children = (
				684AFD8B1E8BF4E200584405 /* Base */,
			);
			name = LaunchScreen.storyboard;
			sourceTree = "<group>";
		};
/* End PBXVariantGroup section */

/* Begin XCBuildConfiguration section */
		684AFD8E1E8BF4E200584405 /* Debug */ = {
			isa = XCBuildConfiguration;
			buildSettings = {
				ALWAYS_SEARCH_USER_PATHS = NO;
				CLANG_ANALYZER_NONNULL = YES;
				CLANG_CXX_LANGUAGE_STANDARD = "gnu++0x";
				CLANG_CXX_LIBRARY = "libc++";
				CLANG_ENABLE_MODULES = YES;
				CLANG_ENABLE_OBJC_ARC = YES;
				CLANG_WARN_BOOL_CONVERSION = YES;
				CLANG_WARN_CONSTANT_CONVERSION = YES;
				CLANG_WARN_DIRECT_OBJC_ISA_USAGE = YES_ERROR;
				CLANG_WARN_DOCUMENTATION_COMMENTS = YES;
				CLANG_WARN_EMPTY_BODY = YES;
				CLANG_WARN_ENUM_CONVERSION = YES;
				CLANG_WARN_INFINITE_RECURSION = YES;
				CLANG_WARN_INT_CONVERSION = YES;
				CLANG_WARN_OBJC_ROOT_CLASS = YES_ERROR;
				CLANG_WARN_SUSPICIOUS_MOVES = YES;
				CLANG_WARN_UNREACHABLE_CODE = YES;
				CLANG_WARN__DUPLICATE_METHOD_MATCH = YES;
				"CODE_SIGN_IDENTITY[sdk=iphoneos*]" = "iPhone Developer";
				COPY_PHASE_STRIP = NO;
				DEBUG_INFORMATION_FORMAT = dwarf;
				ENABLE_STRICT_OBJC_MSGSEND = YES;
				ENABLE_TESTABILITY = YES;
				GCC_C_LANGUAGE_STANDARD = gnu99;
				GCC_DYNAMIC_NO_PIC = NO;
				GCC_NO_COMMON_BLOCKS = YES;
				GCC_OPTIMIZATION_LEVEL = 0;
				GCC_PREPROCESSOR_DEFINITIONS = (
					"DEBUG=1",
					"$(inherited)",
				);
				GCC_WARN_64_TO_32_BIT_CONVERSION = YES;
				GCC_WARN_ABOUT_RETURN_TYPE = YES_ERROR;
				GCC_WARN_UNDECLARED_SELECTOR = YES;
				GCC_WARN_UNINITIALIZED_AUTOS = YES_AGGRESSIVE;
				GCC_WARN_UNUSED_FUNCTION = YES;
				GCC_WARN_UNUSED_VARIABLE = YES;
				IPHONEOS_DEPLOYMENT_TARGET = 10.0;
				MTL_ENABLE_DEBUG_INFO = YES;
				ONLY_ACTIVE_ARCH = YES;
				SDKROOT = iphoneos;
				SWIFT_ACTIVE_COMPILATION_CONDITIONS = DEBUG;
				SWIFT_OPTIMIZATION_LEVEL = "-Onone";
				TARGETED_DEVICE_FAMILY = "1,2";
			};
			name = Debug;
		};
		684AFD8F1E8BF4E200584405 /* Release */ = {
			isa = XCBuildConfiguration;
			buildSettings = {
				ALWAYS_SEARCH_USER_PATHS = NO;
				CLANG_ANALYZER_NONNULL = YES;
				CLANG_CXX_LANGUAGE_STANDARD = "gnu++0x";
				CLANG_CXX_LIBRARY = "libc++";
				CLANG_ENABLE_MODULES = YES;
				CLANG_ENABLE_OBJC_ARC = YES;
				CLANG_WARN_BOOL_CONVERSION = YES;
				CLANG_WARN_CONSTANT_CONVERSION = YES;
				CLANG_WARN_DIRECT_OBJC_ISA_USAGE = YES_ERROR;
				CLANG_WARN_DOCUMENTATION_COMMENTS = YES;
				CLANG_WARN_EMPTY_BODY = YES;
				CLANG_WARN_ENUM_CONVERSION = YES;
				CLANG_WARN_INFINITE_RECURSION = YES;
				CLANG_WARN_INT_CONVERSION = YES;
				CLANG_WARN_OBJC_ROOT_CLASS = YES_ERROR;
				CLANG_WARN_SUSPICIOUS_MOVES = YES;
				CLANG_WARN_UNREACHABLE_CODE = YES;
				CLANG_WARN__DUPLICATE_METHOD_MATCH = YES;
				"CODE_SIGN_IDENTITY[sdk=iphoneos*]" = "iPhone Developer";
				COPY_PHASE_STRIP = NO;
				DEBUG_INFORMATION_FORMAT = "dwarf-with-dsym";
				ENABLE_NS_ASSERTIONS = NO;
				ENABLE_STRICT_OBJC_MSGSEND = YES;
				GCC_C_LANGUAGE_STANDARD = gnu99;
				GCC_NO_COMMON_BLOCKS = YES;
				GCC_WARN_64_TO_32_BIT_CONVERSION = YES;
				GCC_WARN_ABOUT_RETURN_TYPE = YES_ERROR;
				GCC_WARN_UNDECLARED_SELECTOR = YES;
				GCC_WARN_UNINITIALIZED_AUTOS = YES_AGGRESSIVE;
				GCC_WARN_UNUSED_FUNCTION = YES;
				GCC_WARN_UNUSED_VARIABLE = YES;
				IPHONEOS_DEPLOYMENT_TARGET = 10.0;
				MTL_ENABLE_DEBUG_INFO = NO;
				SDKROOT = iphoneos;
				SWIFT_OPTIMIZATION_LEVEL = "-Owholemodule";
				TARGETED_DEVICE_FAMILY = "1,2";
				VALIDATE_PRODUCT = YES;
			};
			name = Release;
		};
		684AFD911E8BF4E200584405 /* Debug */ = {
			isa = XCBuildConfiguration;
			buildSettings = {
				ASSETCATALOG_COMPILER_APPICON_NAME = AppIcon;
				DEVELOPMENT_TEAM = 7E8HQVBY97;
				INFOPLIST_FILE = PicMemo/Info.plist;
				IPHONEOS_DEPLOYMENT_TARGET = 10.0;
				LD_RUNPATH_SEARCH_PATHS = "$(inherited) @executable_path/Frameworks";
				PRODUCT_BUNDLE_IDENTIFIER = com.maduesolution.PicMemo;
				PRODUCT_NAME = "$(TARGET_NAME)";
				SWIFT_VERSION = 3.0;
			};
			name = Debug;
		};
		684AFD921E8BF4E200584405 /* Release */ = {
			isa = XCBuildConfiguration;
			buildSettings = {
				ASSETCATALOG_COMPILER_APPICON_NAME = AppIcon;
				DEVELOPMENT_TEAM = 7E8HQVBY97;
				INFOPLIST_FILE = PicMemo/Info.plist;
				IPHONEOS_DEPLOYMENT_TARGET = 10.0;
				LD_RUNPATH_SEARCH_PATHS = "$(inherited) @executable_path/Frameworks";
				PRODUCT_BUNDLE_IDENTIFIER = com.maduesolution.PicMemo;
				PRODUCT_NAME = "$(TARGET_NAME)";
				SWIFT_VERSION = 3.0;
			};
			name = Release;
		};
/* End XCBuildConfiguration section */

/* Begin XCConfigurationList section */
		684AFD791E8BF4E200584405 /* Build configuration list for PBXProject "PicMemo" */ = {
			isa = XCConfigurationList;
			buildConfigurations = (
				684AFD8E1E8BF4E200584405 /* Debug */,
				684AFD8F1E8BF4E200584405 /* Release */,
			);
			defaultConfigurationIsVisible = 0;
			defaultConfigurationName = Release;
		};
		684AFD901E8BF4E200584405 /* Build configuration list for PBXNativeTarget "PicMemo" */ = {
			isa = XCConfigurationList;
			buildConfigurations = (
				684AFD911E8BF4E200584405 /* Debug */,
				684AFD921E8BF4E200584405 /* Release */,
			);
			defaultConfigurationIsVisible = 0;
			defaultConfigurationName = Release;
		};
/* End XCConfigurationList section */
	};
	rootObject = 684AFD761E8BF4E200584405 /* Project object */;
}
